{
  "name": "rapier-unity-parity-js",
  "lockfileVersion": 3,
  "requires": true,
  "packages": {
    "": {
      "name": "rapier-unity-parity-js",
      "dependencies": {
        "@dimforge/rapier3d-deterministic-compat": "0.19.3"
      }
    },
    "node_modules/@dimforge/rapier3d-deterministic-compat": {
      "version": "0.19.3",
      "resolved": "https://registry.npmjs.org/@dimforge/rapier3d-deterministic-compat/-/rapier3d-deterministic-compat-0.19.3.tgz",
      "integrity": "sha512-peuD6Cq4ePNW+awx9zzB20nUJ6qNWuf1brPk2bU8o1eV8LDgBqcZ/jz3w8Stuy7KVIhWZCeVkGheiGDIWvjE8Q==",
      "license": "Apache-2.0"
    }
  }
}
